// !$*UTF8*$!
{
	archiveVersion = 1;
	classes = {
	};
	objectVersion = 55;
	objects = {

/* Begin PBXBuildFile section */
		773E3FEF27843B0C00C22FC7 /* RecordViewModel.swift in Sources */ = {isa = PBXBuildFile; fileRef = 773E3FEE27843B0C00C22FC7 /* RecordViewModel.swift */; };
		773E3FF227843FCF00C22FC7 /* ColorExtension.swift in Sources */ = {isa = PBXBuildFile; fileRef = 773E3FF127843FCF00C22FC7 /* ColorExtension.swift */; };
		773E3FF42784427900C22FC7 /* UIColorExtension.swift in Sources */ = {isa = PBXBuildFile; fileRef = 773E3FF32784427900C22FC7 /* UIColorExtension.swift */; };
		773E3FF727844A3400C22FC7 /* Rank.swift in Sources */ = {isa = PBXBuildFile; fileRef = 773E3FF627844A3400C22FC7 /* Rank.swift */; };
		773E3FFA27844C3F00C22FC7 /* AppTitle.swift in Sources */ = {isa = PBXBuildFile; fileRef = 773E3FF927844C3F00C22FC7 /* AppTitle.swift */; };
		773E3FFE278563C300C22FC7 /* AppNumberField.swift in Sources */ = {isa = PBXBuildFile; fileRef = 773E3FFD278563C300C22FC7 /* AppNumberField.swift */; };
		773E4000278568CA00C22FC7 /* AppNumberFieldWithLabel.swift in Sources */ = {isa = PBXBuildFile; fileRef = 773E3FFF278568CA00C22FC7 /* AppNumberFieldWithLabel.swift */; };
		77624B962784154A00BB7E36 /* HomeViewController.swift in Sources */ = {isa = PBXBuildFile; fileRef = 77624B952784154A00BB7E36 /* HomeViewController.swift */; };
		77624B99278415CE00BB7E36 /* RecordViewController.swift in Sources */ = {isa = PBXBuildFile; fileRef = 77624B98278415CE00BB7E36 /* RecordViewController.swift */; };
		77B0A1412782AFF600002166 /* ScoreMJApp.swift in Sources */ = {isa = PBXBuildFile; fileRef = 77B0A1402782AFF600002166 /* ScoreMJApp.swift */; };
		77B0A1432782AFF600002166 /* ContentView.swift in Sources */ = {isa = PBXBuildFile; fileRef = 77B0A1422782AFF600002166 /* ContentView.swift */; };
		77B0A1452782AFF800002166 /* Assets.xcassets in Resources */ = {isa = PBXBuildFile; fileRef = 77B0A1442782AFF800002166 /* Assets.xcassets */; };
		77B0A1482782AFF800002166 /* Preview Assets.xcassets in Resources */ = {isa = PBXBuildFile; fileRef = 77B0A1472782AFF800002166 /* Preview Assets.xcassets */; };
		77B0A1522782AFF800002166 /* ScoreMJTests.swift in Sources */ = {isa = PBXBuildFile; fileRef = 77B0A1512782AFF800002166 /* ScoreMJTests.swift */; };
		77B0A15C2782AFF800002166 /* ScoreMJUITests.swift in Sources */ = {isa = PBXBuildFile; fileRef = 77B0A15B2782AFF800002166 /* ScoreMJUITests.swift */; };
		77B0A15E2782AFF800002166 /* ScoreMJUITestsLaunchTests.swift in Sources */ = {isa = PBXBuildFile; fileRef = 77B0A15D2782AFF800002166 /* ScoreMJUITestsLaunchTests.swift */; };
/* End PBXBuildFile section */

/* Begin PBXContainerItemProxy section */
		77B0A14E2782AFF800002166 /* PBXContainerItemProxy */ = {
			isa = PBXContainerItemProxy;
			containerPortal = 77B0A1352782AFF600002166 /* Project object */;
			proxyType = 1;
			remoteGlobalIDString = 77B0A13C2782AFF600002166;
			remoteInfo = ScoreMJ;
		};
		77B0A1582782AFF800002166 /* PBXContainerItemProxy */ = {
			isa = PBXContainerItemProxy;
			containerPortal = 77B0A1352782AFF600002166 /* Project object */;
			proxyType = 1;
			remoteGlobalIDString = 77B0A13C2782AFF600002166;
			remoteInfo = ScoreMJ;
		};
/* End PBXContainerItemProxy section */

/* Begin PBXFileReference section */
		773E3FEE27843B0C00C22FC7 /* RecordViewModel.swift */ = {isa = PBXFileReference; lastKnownFileType = sourcecode.swift; path = RecordViewModel.swift; sourceTree = "<group>"; };
		773E3FF127843FCF00C22FC7 /* ColorExtension.swift */ = {isa = PBXFileReference; lastKnownFileType = sourcecode.swift; path = ColorExtension.swift; sourceTree = "<group>"; };
		773E3FF32784427900C22FC7 /* UIColorExtension.swift */ = {isa = PBXFileReference; lastKnownFileType = sourcecode.swift; path = UIColorExtension.swift; sourceTree = "<group>"; };
		773E3FF627844A3400C22FC7 /* Rank.swift */ = {isa = PBXFileReference; lastKnownFileType = sourcecode.swift; path = Rank.swift; sourceTree = "<group>"; };
		773E3FF927844C3F00C22FC7 /* AppTitle.swift */ = {isa = PBXFileReference; lastKnownFileType = sourcecode.swift; path = AppTitle.swift; sourceTree = "<group>"; };
		773E3FFD278563C300C22FC7 /* AppNumberField.swift */ = {isa = PBXFileReference; lastKnownFileType = sourcecode.swift; path = AppNumberField.swift; sourceTree = "<group>"; };
		773E3FFF278568CA00C22FC7 /* AppNumberFieldWithLabel.swift */ = {isa = PBXFileReference; lastKnownFileType = sourcecode.swift; path = AppNumberFieldWithLabel.swift; sourceTree = "<group>"; };
		77624B952784154A00BB7E36 /* HomeViewController.swift */ = {isa = PBXFileReference; lastKnownFileType = sourcecode.swift; path = HomeViewController.swift; sourceTree = "<group>"; };
		77624B98278415CE00BB7E36 /* RecordViewController.swift */ = {isa = PBXFileReference; lastKnownFileType = sourcecode.swift; path = RecordViewController.swift; sourceTree = "<group>"; };
		77B0A13D2782AFF600002166 /* ScoreMJ.app */ = {isa = PBXFileReference; explicitFileType = wrapper.application; includeInIndex = 0; path = ScoreMJ.app; sourceTree = BUILT_PRODUCTS_DIR; };
		77B0A1402782AFF600002166 /* ScoreMJApp.swift */ = {isa = PBXFileReference; lastKnownFileType = sourcecode.swift; path = ScoreMJApp.swift; sourceTree = "<group>"; };
		77B0A1422782AFF600002166 /* ContentView.swift */ = {isa = PBXFileReference; lastKnownFileType = sourcecode.swift; path = ContentView.swift; sourceTree = "<group>"; };
		77B0A1442782AFF800002166 /* Assets.xcassets */ = {isa = PBXFileReference; lastKnownFileType = folder.assetcatalog; path = Assets.xcassets; sourceTree = "<group>"; };
		77B0A1472782AFF800002166 /* Preview Assets.xcassets */ = {isa = PBXFileReference; lastKnownFileType = folder.assetcatalog; path = "Preview Assets.xcassets"; sourceTree = "<group>"; };
		77B0A14D2782AFF800002166 /* ScoreMJTests.xctest */ = {isa = PBXFileReference; explicitFileType = wrapper.cfbundle; includeInIndex = 0; path = ScoreMJTests.xctest; sourceTree = BUILT_PRODUCTS_DIR; };
		77B0A1512782AFF800002166 /* ScoreMJTests.swift */ = {isa = PBXFileReference; lastKnownFileType = sourcecode.swift; path = ScoreMJTests.swift; sourceTree = "<group>"; };
		77B0A1572782AFF800002166 /* ScoreMJUITests.xctest */ = {isa = PBXFileReference; explicitFileType = wrapper.cfbundle; includeInIndex = 0; path = ScoreMJUITests.xctest; sourceTree = BUILT_PRODUCTS_DIR; };
		77B0A15B2782AFF800002166 /* ScoreMJUITests.swift */ = {isa = PBXFileReference; lastKnownFileType = sourcecode.swift; path = ScoreMJUITests.swift; sourceTree = "<group>"; };
		77B0A15D2782AFF800002166 /* ScoreMJUITestsLaunchTests.swift */ = {isa = PBXFileReference; lastKnownFileType = sourcecode.swift; path = ScoreMJUITestsLaunchTests.swift; sourceTree = "<group>"; };
/* End PBXFileReference section */

/* Begin PBXFrameworksBuildPhase section */
		77B0A13A2782AFF600002166 /* Frameworks */ = {
			isa = PBXFrameworksBuildPhase;
			buildActionMask = 2147483647;
			files = (
			);
			runOnlyForDeploymentPostprocessing = 0;
		};
		77B0A14A2782AFF800002166 /* Frameworks */ = {
			isa = PBXFrameworksBuildPhase;
			buildActionMask = 2147483647;
			files = (
			);
			runOnlyForDeploymentPostprocessing = 0;
		};
		77B0A1542782AFF800002166 /* Frameworks */ = {
			isa = PBXFrameworksBuildPhase;
			buildActionMask = 2147483647;
			files = (
			);
			runOnlyForDeploymentPostprocessing = 0;
		};
/* End PBXFrameworksBuildPhase section */

/* Begin PBXGroup section */
		773E3FF027843FC000C22FC7 /* Extensions */ = {
			isa = PBXGroup;
			children = (
				773E3FF127843FCF00C22FC7 /* ColorExtension.swift */,
				773E3FF32784427900C22FC7 /* UIColorExtension.swift */,
			);
			path = Extensions;
			sourceTree = "<group>";
		};
		773E3FF527844A2800C22FC7 /* Enum */ = {
			isa = PBXGroup;
			children = (
				773E3FF627844A3400C22FC7 /* Rank.swift */,
			);
			path = Enum;
			sourceTree = "<group>";
		};
		773E3FF827844C2000C22FC7 /* Component */ = {
			isa = PBXGroup;
			children = (
				773E3FF927844C3F00C22FC7 /* AppTitle.swift */,
				773E3FFD278563C300C22FC7 /* AppNumberField.swift */,
				773E3FFF278568CA00C22FC7 /* AppNumberFieldWithLabel.swift */,
			);
			path = Component;
			sourceTree = "<group>";
		};
		77624B912784150F00BB7E36 /* Contents */ = {
			isa = PBXGroup;
			children = (
				77624B932784152900BB7E36 /* Screen */,
			);
			path = Contents;
			sourceTree = "<group>";
		};
		77624B932784152900BB7E36 /* Screen */ = {
			isa = PBXGroup;
			children = (
				773E3FF827844C2000C22FC7 /* Component */,
				773E3FF527844A2800C22FC7 /* Enum */,
				773E3FF027843FC000C22FC7 /* Extensions */,
				77624B942784153100BB7E36 /* Home */,
				77624B972784159E00BB7E36 /* Record */,
			);
			path = Screen;
			sourceTree = "<group>";
		};
		77624B942784153100BB7E36 /* Home */ = {
			isa = PBXGroup;
			children = (
				77624B952784154A00BB7E36 /* HomeViewController.swift */,
			);
			path = Home;
			sourceTree = "<group>";
		};
		77624B972784159E00BB7E36 /* Record */ = {
			isa = PBXGroup;
			children = (
				77624B98278415CE00BB7E36 /* RecordViewController.swift */,
				773E3FEE27843B0C00C22FC7 /* RecordViewModel.swift */,
			);
			path = Record;
			sourceTree = "<group>";
		};
		77B0A1342782AFF600002166 = {
			isa = PBXGroup;
			children = (
				77B0A13F2782AFF600002166 /* ScoreMJ */,
				77B0A1502782AFF800002166 /* ScoreMJTests */,
				77B0A15A2782AFF800002166 /* ScoreMJUITests */,
				77B0A13E2782AFF600002166 /* Products */,
			);
			sourceTree = "<group>";
		};
		77B0A13E2782AFF600002166 /* Products */ = {
			isa = PBXGroup;
			children = (
				77B0A13D2782AFF600002166 /* ScoreMJ.app */,
				77B0A14D2782AFF800002166 /* ScoreMJTests.xctest */,
				77B0A1572782AFF800002166 /* ScoreMJUITests.xctest */,
			);
			name = Products;
			sourceTree = "<group>";
		};
		77B0A13F2782AFF600002166 /* ScoreMJ */ = {
			isa = PBXGroup;
			children = (
				77624B912784150F00BB7E36 /* Contents */,
				77B0A1402782AFF600002166 /* ScoreMJApp.swift */,
				77B0A1422782AFF600002166 /* ContentView.swift */,
				77B0A1442782AFF800002166 /* Assets.xcassets */,
				77B0A1462782AFF800002166 /* Preview Content */,
			);
			path = ScoreMJ;
			sourceTree = "<group>";
		};
		77B0A1462782AFF800002166 /* Preview Content */ = {
			isa = PBXGroup;
			children = (
				77B0A1472782AFF800002166 /* Preview Assets.xcassets */,
			);
			path = "Preview Content";
			sourceTree = "<group>";
		};
		77B0A1502782AFF800002166 /* ScoreMJTests */ = {
			isa = PBXGroup;
			children = (
				77B0A1512782AFF800002166 /* ScoreMJTests.swift */,
			);
			path = ScoreMJTests;
			sourceTree = "<group>";
		};
		77B0A15A2782AFF800002166 /* ScoreMJUITests */ = {
			isa = PBXGroup;
			children = (
				77B0A15B2782AFF800002166 /* ScoreMJUITests.swift */,
				77B0A15D2782AFF800002166 /* ScoreMJUITestsLaunchTests.swift */,
			);
			path = ScoreMJUITests;
			sourceTree = "<group>";
		};
/* End PBXGroup section */

/* Begin PBXNativeTarget section */
		77B0A13C2782AFF600002166 /* ScoreMJ */ = {
			isa = PBXNativeTarget;
			buildConfigurationList = 77B0A1612782AFF800002166 /* Build configuration list for PBXNativeTarget "ScoreMJ" */;
			buildPhases = (
				77B0A1392782AFF600002166 /* Sources */,
				77B0A13A2782AFF600002166 /* Frameworks */,
				77B0A13B2782AFF600002166 /* Resources */,
			);
			buildRules = (
			);
			dependencies = (
			);
			name = ScoreMJ;
			productName = ScoreMJ;
			productReference = 77B0A13D2782AFF600002166 /* ScoreMJ.app */;
			productType = "com.apple.product-type.application";
		};
		77B0A14C2782AFF800002166 /* ScoreMJTests */ = {
			isa = PBXNativeTarget;
			buildConfigurationList = 77B0A1642782AFF800002166 /* Build configuration list for PBXNativeTarget "ScoreMJTests" */;
			buildPhases = (
				77B0A1492782AFF800002166 /* Sources */,
				77B0A14A2782AFF800002166 /* Frameworks */,
				77B0A14B2782AFF800002166 /* Resources */,
			);
			buildRules = (
			);
			dependencies = (
				77B0A14F2782AFF800002166 /* PBXTargetDependency */,
			);
			name = ScoreMJTests;
			productName = ScoreMJTests;
			productReference = 77B0A14D2782AFF800002166 /* ScoreMJTests.xctest */;
			productType = "com.apple.product-type.bundle.unit-test";
		};
		77B0A1562782AFF800002166 /* ScoreMJUITests */ = {
			isa = PBXNativeTarget;
			buildConfigurationList = 77B0A1672782AFF800002166 /* Build configuration list for PBXNativeTarget "ScoreMJUITests" */;
			buildPhases = (
				77B0A1532782AFF800002166 /* Sources */,
				77B0A1542782AFF800002166 /* Frameworks */,
				77B0A1552782AFF800002166 /* Resources */,
			);
			buildRules = (
			);
			dependencies = (
				77B0A1592782AFF800002166 /* PBXTargetDependency */,
			);
			name = ScoreMJUITests;
			productName = ScoreMJUITests;
			productReference = 77B0A1572782AFF800002166 /* ScoreMJUITests.xctest */;
			productType = "com.apple.product-type.bundle.ui-testing";
		};
/* End PBXNativeTarget section */

/* Begin PBXProject section */
		77B0A1352782AFF600002166 /* Project object */ = {
			isa = PBXProject;
			attributes = {
				BuildIndependentTargetsInParallel = 1;
				LastSwiftUpdateCheck = 1300;
				LastUpgradeCheck = 1300;
				TargetAttributes = {
					77B0A13C2782AFF600002166 = {
						CreatedOnToolsVersion = 13.0;
					};
					77B0A14C2782AFF800002166 = {
						CreatedOnToolsVersion = 13.0;
						TestTargetID = 77B0A13C2782AFF600002166;
					};
					77B0A1562782AFF800002166 = {
						CreatedOnToolsVersion = 13.0;
						TestTargetID = 77B0A13C2782AFF600002166;
					};
				};
			};
			buildConfigurationList = 77B0A1382782AFF600002166 /* Build configuration list for PBXProject "ScoreMJ" */;
			compatibilityVersion = "Xcode 13.0";
			developmentRegion = en;
			hasScannedForEncodings = 0;
			knownRegions = (
				en,
				Base,
			);
			mainGroup = 77B0A1342782AFF600002166;
			productRefGroup = 77B0A13E2782AFF600002166 /* Products */;
			projectDirPath = "";
			projectRoot = "";
			targets = (
				77B0A13C2782AFF600002166 /* ScoreMJ */,
				77B0A14C2782AFF800002166 /* ScoreMJTests */,
				77B0A1562782AFF800002166 /* ScoreMJUITests */,
			);
		};
/* End PBXProject section */

/* Begin PBXResourcesBuildPhase section */
		77B0A13B2782AFF600002166 /* Resources */ = {
			isa = PBXResourcesBuildPhase;
			buildActionMask = 2147483647;
			files = (
				77B0A1482782AFF800002166 /* Preview Assets.xcassets in Resources */,
				77B0A1452782AFF800002166 /* Assets.xcassets in Resources */,
			);
			runOnlyForDeploymentPostprocessing = 0;
		};
		77B0A14B2782AFF800002166 /* Resources */ = {
			isa = PBXResourcesBuildPhase;
			buildActionMask = 2147483647;
			files = (
			);
			runOnlyForDeploymentPostprocessing = 0;
		};
		77B0A1552782AFF800002166 /* Resources */ = {
			isa = PBXResourcesBuildPhase;
			buildActionMask = 2147483647;
			files = (
			);
			runOnlyForDeploymentPostprocessing = 0;
		};
/* End PBXResourcesBuildPhase section */

/* Begin PBXSourcesBuildPhase section */
		77B0A1392782AFF600002166 /* Sources */ = {
			isa = PBXSourcesBuildPhase;
			buildActionMask = 2147483647;
			files = (
				77B0A1432782AFF600002166 /* ContentView.swift in Sources */,
				773E3FF42784427900C22FC7 /* UIColorExtension.swift in Sources */,
				773E4000278568CA00C22FC7 /* AppNumberFieldWithLabel.swift in Sources */,
				773E3FFE278563C300C22FC7 /* AppNumberField.swift in Sources */,
				773E3FF727844A3400C22FC7 /* Rank.swift in Sources */,
				77B0A1412782AFF600002166 /* ScoreMJApp.swift in Sources */,
				77624B962784154A00BB7E36 /* HomeViewController.swift in Sources */,
				773E3FF227843FCF00C22FC7 /* ColorExtension.swift in Sources */,
				773E3FEF27843B0C00C22FC7 /* RecordViewModel.swift in Sources */,
				773E3FFA27844C3F00C22FC7 /* AppTitle.swift in Sources */,
				77624B99278415CE00BB7E36 /* RecordViewController.swift in Sources */,
			);
			runOnlyForDeploymentPostprocessing = 0;
		};
		77B0A1492782AFF800002166 /* Sources */ = {
			isa = PBXSourcesBuildPhase;
			buildActionMask = 2147483647;
			files = (
				77B0A1522782AFF800002166 /* ScoreMJTests.swift in Sources */,
			);
			runOnlyForDeploymentPostprocessing = 0;
		};
		77B0A1532782AFF800002166 /* Sources */ = {
			isa = PBXSourcesBuildPhase;
			buildActionMask = 2147483647;
			files = (
				77B0A15E2782AFF800002166 /* ScoreMJUITestsLaunchTests.swift in Sources */,
				77B0A15C2782AFF800002166 /* ScoreMJUITests.swift in Sources */,
			);
			runOnlyForDeploymentPostprocessing = 0;
		};
/* End PBXSourcesBuildPhase section */

/* Begin PBXTargetDependency section */
		77B0A14F2782AFF800002166 /* PBXTargetDependency */ = {
			isa = PBXTargetDependency;
			target = 77B0A13C2782AFF600002166 /* ScoreMJ */;
			targetProxy = 77B0A14E2782AFF800002166 /* PBXContainerItemProxy */;
		};
		77B0A1592782AFF800002166 /* PBXTargetDependency */ = {
			isa = PBXTargetDependency;
			target = 77B0A13C2782AFF600002166 /* ScoreMJ */;
			targetProxy = 77B0A1582782AFF800002166 /* PBXContainerItemProxy */;
		};
/* End PBXTargetDependency section */

/* Begin XCBuildConfiguration section */
		77B0A15F2782AFF800002166 /* Debug */ = {
			isa = XCBuildConfiguration;
			buildSettings = {
				ALWAYS_SEARCH_USER_PATHS = NO;
				CLANG_ANALYZER_NONNULL = YES;
				CLANG_ANALYZER_NUMBER_OBJECT_CONVERSION = YES_AGGRESSIVE;
				CLANG_CXX_LANGUAGE_STANDARD = "gnu++17";
				CLANG_CXX_LIBRARY = "libc++";
				CLANG_ENABLE_MODULES = YES;
				CLANG_ENABLE_OBJC_ARC = YES;
				CLANG_ENABLE_OBJC_WEAK = YES;
				CLANG_WARN_BLOCK_CAPTURE_AUTORELEASING = YES;
				CLANG_WARN_BOOL_CONVERSION = YES;
				CLANG_WARN_COMMA = YES;
				CLANG_WARN_CONSTANT_CONVERSION = YES;
				CLANG_WARN_DEPRECATED_OBJC_IMPLEMENTATIONS = YES;
				CLANG_WARN_DIRECT_OBJC_ISA_USAGE = YES_ERROR;
				CLANG_WARN_DOCUMENTATION_COMMENTS = YES;
				CLANG_WARN_EMPTY_BODY = YES;
				CLANG_WARN_ENUM_CONVERSION = YES;
				CLANG_WARN_INFINITE_RECURSION = YES;
				CLANG_WARN_INT_CONVERSION = YES;
				CLANG_WARN_NON_LITERAL_NULL_CONVERSION = YES;
				CLANG_WARN_OBJC_IMPLICIT_RETAIN_SELF = YES;
				CLANG_WARN_OBJC_LITERAL_CONVERSION = YES;
				CLANG_WARN_OBJC_ROOT_CLASS = YES_ERROR;
				CLANG_WARN_QUOTED_INCLUDE_IN_FRAMEWORK_HEADER = YES;
				CLANG_WARN_RANGE_LOOP_ANALYSIS = YES;
				CLANG_WARN_STRICT_PROTOTYPES = YES;
				CLANG_WARN_SUSPICIOUS_MOVE = YES;
				CLANG_WARN_UNGUARDED_AVAILABILITY = YES_AGGRESSIVE;
				CLANG_WARN_UNREACHABLE_CODE = YES;
				CLANG_WARN__DUPLICATE_METHOD_MATCH = YES;
				COPY_PHASE_STRIP = NO;
				DEBUG_INFORMATION_FORMAT = dwarf;
				ENABLE_STRICT_OBJC_MSGSEND = YES;
				ENABLE_TESTABILITY = YES;
				GCC_C_LANGUAGE_STANDARD = gnu11;
				GCC_DYNAMIC_NO_PIC = NO;
				GCC_NO_COMMON_BLOCKS = YES;
				GCC_OPTIMIZATION_LEVEL = 0;
				GCC_PREPROCESSOR_DEFINITIONS = (
					"DEBUG=1",
					"$(inherited)",
				);
				GCC_WARN_64_TO_32_BIT_CONVERSION = YES;
				GCC_WARN_ABOUT_RETURN_TYPE = YES_ERROR;
				GCC_WARN_UNDECLARED_SELECTOR = YES;
				GCC_WARN_UNINITIALIZED_AUTOS = YES_AGGRESSIVE;
				GCC_WARN_UNUSED_FUNCTION = YES;
				GCC_WARN_UNUSED_VARIABLE = YES;
				IPHONEOS_DEPLOYMENT_TARGET = 15.0;
				MTL_ENABLE_DEBUG_INFO = INCLUDE_SOURCE;
				MTL_FAST_MATH = YES;
				ONLY_ACTIVE_ARCH = YES;
				SDKROOT = iphoneos;
				SWIFT_ACTIVE_COMPILATION_CONDITIONS = DEBUG;
				SWIFT_OPTIMIZATION_LEVEL = "-Onone";
			};
			name = Debug;
		};
		77B0A1602782AFF800002166 /* Release */ = {
			isa = XCBuildConfiguration;
			buildSettings = {
				ALWAYS_SEARCH_USER_PATHS = NO;
				CLANG_ANALYZER_NONNULL = YES;
				CLANG_ANALYZER_NUMBER_OBJECT_CONVERSION = YES_AGGRESSIVE;
				CLANG_CXX_LANGUAGE_STANDARD = "gnu++17";
				CLANG_CXX_LIBRARY = "libc++";
				CLANG_ENABLE_MODULES = YES;
				CLANG_ENABLE_OBJC_ARC = YES;
				CLANG_ENABLE_OBJC_WEAK = YES;
				CLANG_WARN_BLOCK_CAPTURE_AUTORELEASING = YES;
				CLANG_WARN_BOOL_CONVERSION = YES;
				CLANG_WARN_COMMA = YES;
				CLANG_WARN_CONSTANT_CONVERSION = YES;
				CLANG_WARN_DEPRECATED_OBJC_IMPLEMENTATIONS = YES;
				CLANG_WARN_DIRECT_OBJC_ISA_USAGE = YES_ERROR;
				CLANG_WARN_DOCUMENTATION_COMMENTS = YES;
				CLANG_WARN_EMPTY_BODY = YES;
				CLANG_WARN_ENUM_CONVERSION = YES;
				CLANG_WARN_INFINITE_RECURSION = YES;
				CLANG_WARN_INT_CONVERSION = YES;
				CLANG_WARN_NON_LITERAL_NULL_CONVERSION = YES;
				CLANG_WARN_OBJC_IMPLICIT_RETAIN_SELF = YES;
				CLANG_WARN_OBJC_LITERAL_CONVERSION = YES;
				CLANG_WARN_OBJC_ROOT_CLASS = YES_ERROR;
				CLANG_WARN_QUOTED_INCLUDE_IN_FRAMEWORK_HEADER = YES;
				CLANG_WARN_RANGE_LOOP_ANALYSIS = YES;
				CLANG_WARN_STRICT_PROTOTYPES = YES;
				CLANG_WARN_SUSPICIOUS_MOVE = YES;
				CLANG_WARN_UNGUARDED_AVAILABILITY = YES_AGGRESSIVE;
				CLANG_WARN_UNREACHABLE_CODE = YES;
				CLANG_WARN__DUPLICATE_METHOD_MATCH = YES;
				COPY_PHASE_STRIP = NO;
				DEBUG_INFORMATION_FORMAT = "dwarf-with-dsym";
				ENABLE_NS_ASSERTIONS = NO;
				ENABLE_STRICT_OBJC_MSGSEND = YES;
				GCC_C_LANGUAGE_STANDARD = gnu11;
				GCC_NO_COMMON_BLOCKS = YES;
				GCC_WARN_64_TO_32_BIT_CONVERSION = YES;
				GCC_WARN_ABOUT_RETURN_TYPE = YES_ERROR;
				GCC_WARN_UNDECLARED_SELECTOR = YES;
				GCC_WARN_UNINITIALIZED_AUTOS = YES_AGGRESSIVE;
				GCC_WARN_UNUSED_FUNCTION = YES;
				GCC_WARN_UNUSED_VARIABLE = YES;
				IPHONEOS_DEPLOYMENT_TARGET = 15.0;
				MTL_ENABLE_DEBUG_INFO = NO;
				MTL_FAST_MATH = YES;
				SDKROOT = iphoneos;
				SWIFT_COMPILATION_MODE = wholemodule;
				SWIFT_OPTIMIZATION_LEVEL = "-O";
				VALIDATE_PRODUCT = YES;
			};
			name = Release;
		};
		77B0A1622782AFF800002166 /* Debug */ = {
			isa = XCBuildConfiguration;
			buildSettings = {
				ASSETCATALOG_COMPILER_APPICON_NAME = AppIcon;
				ASSETCATALOG_COMPILER_GLOBAL_ACCENT_COLOR_NAME = AccentColor;
				CODE_SIGN_STYLE = Automatic;
				CURRENT_PROJECT_VERSION = 1;
				DEVELOPMENT_ASSET_PATHS = "\"ScoreMJ/Preview Content\"";
				DEVELOPMENT_TEAM = C5X3GR7A3M;
				ENABLE_PREVIEWS = YES;
				GENERATE_INFOPLIST_FILE = YES;
				INFOPLIST_KEY_UIApplicationSceneManifest_Generation = YES;
				INFOPLIST_KEY_UIApplicationSupportsIndirectInputEvents = YES;
				INFOPLIST_KEY_UILaunchScreen_Generation = YES;
				INFOPLIST_KEY_UISupportedInterfaceOrientations_iPad = "UIInterfaceOrientationPortrait UIInterfaceOrientationPortraitUpsideDown UIInterfaceOrientationLandscapeLeft UIInterfaceOrientationLandscapeRight";
				INFOPLIST_KEY_UISupportedInterfaceOrientations_iPhone = "UIInterfaceOrientationPortrait UIInterfaceOrientationLandscapeLeft UIInterfaceOrientationLandscapeRight";
				IPHONEOS_DEPLOYMENT_TARGET = 14.0;
				LD_RUNPATH_SEARCH_PATHS = (
					"$(inherited)",
					"@executable_path/Frameworks",
				);
				MARKETING_VERSION = 1.0;
				PRODUCT_BUNDLE_IDENTIFIER = Hidemitsu.S.ScoreMJ;
				PRODUCT_NAME = "$(TARGET_NAME)";
				SWIFT_EMIT_LOC_STRINGS = YES;
				SWIFT_VERSION = 5.0;
				TARGETED_DEVICE_FAMILY = "1,2";
			};
			name = Debug;
		};
		77B0A1632782AFF800002166 /* Release */ = {
			isa = XCBuildConfiguration;
			buildSettings = {
				ASSETCATALOG_COMPILER_APPICON_NAME = AppIcon;
				ASSETCATALOG_COMPILER_GLOBAL_ACCENT_COLOR_NAME = AccentColor;
				CODE_SIGN_STYLE = Automatic;
				CURRENT_PROJECT_VERSION = 1;
				DEVELOPMENT_ASSET_PATHS = "\"ScoreMJ/Preview Content\"";
				DEVELOPMENT_TEAM = C5X3GR7A3M;
				ENABLE_PREVIEWS = YES;
				GENERATE_INFOPLIST_FILE = YES;
				INFOPLIST_KEY_UIApplicationSceneManifest_Generation = YES;
				INFOPLIST_KEY_UIApplicationSupportsIndirectInputEvents = YES;
				INFOPLIST_KEY_UILaunchScreen_Generation = YES;
				INFOPLIST_KEY_UISupportedInterfaceOrientations_iPad = "UIInterfaceOrientationPortrait UIInterfaceOrientationPortraitUpsideDown UIInterfaceOrientationLandscapeLeft UIInterfaceOrientationLandscapeRight";
				INFOPLIST_KEY_UISupportedInterfaceOrientations_iPhone = "UIInterfaceOrientationPortrait UIInterfaceOrientationLandscapeLeft UIInterfaceOrientationLandscapeRight";
				IPHONEOS_DEPLOYMENT_TARGET = 14.0;
				LD_RUNPATH_SEARCH_PATHS = (
					"$(inherited)",
					"@executable_path/Frameworks",
				);
				MARKETING_VERSION = 1.0;
				PRODUCT_BUNDLE_IDENTIFIER = Hidemitsu.S.ScoreMJ;
				PRODUCT_NAME = "$(TARGET_NAME)";
				SWIFT_EMIT_LOC_STRINGS = YES;
				SWIFT_VERSION = 5.0;
				TARGETED_DEVICE_FAMILY = "1,2";
			};
			name = Release;
		};
		77B0A1652782AFF800002166 /* Debug */ = {
			isa = XCBuildConfiguration;
			buildSettings = {
				ALWAYS_EMBED_SWIFT_STANDARD_LIBRARIES = YES;
				BUNDLE_LOADER = "$(TEST_HOST)";
				CODE_SIGN_STYLE = Automatic;
				CURRENT_PROJECT_VERSION = 1;
				DEVELOPMENT_TEAM = C5X3GR7A3M;
				GENERATE_INFOPLIST_FILE = YES;
				IPHONEOS_DEPLOYMENT_TARGET = 14.0;
				LD_RUNPATH_SEARCH_PATHS = (
					"$(inherited)",
					"@executable_path/Frameworks",
					"@loader_path/Frameworks",
				);
				MARKETING_VERSION = 1.0;
				PRODUCT_BUNDLE_IDENTIFIER = Hidemitsu.S.ScoreMJTests;
				PRODUCT_NAME = "$(TARGET_NAME)";
				SWIFT_EMIT_LOC_STRINGS = NO;
				SWIFT_VERSION = 5.0;
				TARGETED_DEVICE_FAMILY = "1,2";
				TEST_HOST = "$(BUILT_PRODUCTS_DIR)/ScoreMJ.app/ScoreMJ";
			};
			name = Debug;
		};
		77B0A1662782AFF800002166 /* Release */ = {
			isa = XCBuildConfiguration;
			buildSettings = {
				ALWAYS_EMBED_SWIFT_STANDARD_LIBRARIES = YES;
				BUNDLE_LOADER = "$(TEST_HOST)";
				CODE_SIGN_STYLE = Automatic;
				CURRENT_PROJECT_VERSION = 1;
				DEVELOPMENT_TEAM = C5X3GR7A3M;
				GENERATE_INFOPLIST_FILE = YES;
				IPHONEOS_DEPLOYMENT_TARGET = 14.0;
				LD_RUNPATH_SEARCH_PATHS = (
					"$(inherited)",
					"@executable_path/Frameworks",
					"@loader_path/Frameworks",
				);
				MARKETING_VERSION = 1.0;
				PRODUCT_BUNDLE_IDENTIFIER = Hidemitsu.S.ScoreMJTests;
				PRODUCT_NAME = "$(TARGET_NAME)";
				SWIFT_EMIT_LOC_STRINGS = NO;
				SWIFT_VERSION = 5.0;
				TARGETED_DEVICE_FAMILY = "1,2";
				TEST_HOST = "$(BUILT_PRODUCTS_DIR)/ScoreMJ.app/ScoreMJ";
			};
			name = Release;
		};
		77B0A1682782AFF800002166 /* Debug */ = {
			isa = XCBuildConfiguration;
			buildSettings = {
				ALWAYS_EMBED_SWIFT_STANDARD_LIBRARIES = YES;
				CODE_SIGN_STYLE = Automatic;
				CURRENT_PROJECT_VERSION = 1;
				DEVELOPMENT_TEAM = C5X3GR7A3M;
				GENERATE_INFOPLIST_FILE = YES;
				LD_RUNPATH_SEARCH_PATHS = (
					"$(inherited)",
					"@executable_path/Frameworks",
					"@loader_path/Frameworks",
				);
				MARKETING_VERSION = 1.0;
				PRODUCT_BUNDLE_IDENTIFIER = Hidemitsu.S.ScoreMJUITests;
				PRODUCT_NAME = "$(TARGET_NAME)";
				SWIFT_EMIT_LOC_STRINGS = NO;
				SWIFT_VERSION = 5.0;
				TARGETED_DEVICE_FAMILY = "1,2";
				TEST_TARGET_NAME = ScoreMJ;
			};
			name = Debug;
		};
		77B0A1692782AFF800002166 /* Release */ = {
			isa = XCBuildConfiguration;
			buildSettings = {
				ALWAYS_EMBED_SWIFT_STANDARD_LIBRARIES = YES;
				CODE_SIGN_STYLE = Automatic;
				CURRENT_PROJECT_VERSION = 1;
				DEVELOPMENT_TEAM = C5X3GR7A3M;
				GENERATE_INFOPLIST_FILE = YES;
				LD_RUNPATH_SEARCH_PATHS = (
					"$(inherited)",
					"@executable_path/Frameworks",
					"@loader_path/Frameworks",
				);
				MARKETING_VERSION = 1.0;
				PRODUCT_BUNDLE_IDENTIFIER = Hidemitsu.S.ScoreMJUITests;
				PRODUCT_NAME = "$(TARGET_NAME)";
				SWIFT_EMIT_LOC_STRINGS = NO;
				SWIFT_VERSION = 5.0;
				TARGETED_DEVICE_FAMILY = "1,2";
				TEST_TARGET_NAME = ScoreMJ;
			};
			name = Release;
		};
/* End XCBuildConfiguration section */

/* Begin XCConfigurationList section */
		77B0A1382782AFF600002166 /* Build configuration list for PBXProject "ScoreMJ" */ = {
			isa = XCConfigurationList;
			buildConfigurations = (
				77B0A15F2782AFF800002166 /* Debug */,
				77B0A1602782AFF800002166 /* Release */,
			);
			defaultConfigurationIsVisible = 0;
			defaultConfigurationName = Release;
		};
		77B0A1612782AFF800002166 /* Build configuration list for PBXNativeTarget "ScoreMJ" */ = {
			isa = XCConfigurationList;
			buildConfigurations = (
				77B0A1622782AFF800002166 /* Debug */,
				77B0A1632782AFF800002166 /* Release */,
			);
			defaultConfigurationIsVisible = 0;
			defaultConfigurationName = Release;
		};
		77B0A1642782AFF800002166 /* Build configuration list for PBXNativeTarget "ScoreMJTests" */ = {
			isa = XCConfigurationList;
			buildConfigurations = (
				77B0A1652782AFF800002166 /* Debug */,
				77B0A1662782AFF800002166 /* Release */,
			);
			defaultConfigurationIsVisible = 0;
			defaultConfigurationName = Release;
		};
		77B0A1672782AFF800002166 /* Build configuration list for PBXNativeTarget "ScoreMJUITests" */ = {
			isa = XCConfigurationList;
			buildConfigurations = (
				77B0A1682782AFF800002166 /* Debug */,
				77B0A1692782AFF800002166 /* Release */,
			);
			defaultConfigurationIsVisible = 0;
			defaultConfigurationName = Release;
		};
/* End XCConfigurationList section */
	};
	rootObject = 77B0A1352782AFF600002166 /* Project object */;
}
